
Microsoft Visual Studio Solution File, Format Version 12.00
# Visual Studio Version 17
VisualStudioVersion = 17.4.33403.182
MinimumVisualStudioVersion = 10.0.40219.1
Project("{FAE04EC0-301F-11D3-BF4B-00C04F79EFBC}") = "SteamDownloader", "SteamDownloader\SteamDownloader.csproj", "{83CCE45D-626C-4043-9F5E-E13979C2DF6A}"
EndProject
Project("{9A19103F-16F7-4668-BE54-9A1E7A4F7556}") = "SteamKit2", "SteamKit\SteamKit2\SteamKit2\SteamKit2.csproj", "{4B2B0365-DE37-4B65-B614-3E4E7C05147D}"
EndProject
Global
	GlobalSection(SolutionConfigurationPlatforms) = preSolution
		Debug|Any CPU = Debug|Any CPU
		Release|Any CPU = Release|Any CPU
	EndGlobalSection
	GlobalSection(ProjectConfigurationPlatforms) = postSolution
		{83CCE45D-626C-4043-9F5E-E13979C2DF6A}.Debug|Any CPU.ActiveCfg = Debug|Any CPU
		{83CCE45D-626C-4043-9F5E-E13979C2DF6A}.Debug|Any CPU.Build.0 = Debug|Any CPU
		{83CCE45D-626C-4043-9F5E-E13979C2DF6A}.Release|Any CPU.ActiveCfg = Release|Any CPU
		{83CCE45D-626C-4043-9F5E-E13979C2DF6A}.Release|Any CPU.Build.0 = Release|Any CPU
		{4B2B0365-DE37-4B65-B614-3E4E7C05147D}.Debug|Any CPU.ActiveCfg = Debug|Any CPU
		{4B2B0365-DE37-4B65-B614-3E4E7C05147D}.Debug|Any CPU.Build.0 = Debug|Any CPU
		{4B2B0365-DE37-4B65-B614-3E4E7C05147D}.Release|Any CPU.ActiveCfg = Release|Any CPU
		{4B2B0365-DE37-4B65-B614-3E4E7C05147D}.Release|Any CPU.Build.0 = Release|Any CPU
	EndGlobalSection
	GlobalSection(SolutionProperties) = preSolution
		HideSolutionNode = FALSE
	EndGlobalSection
	GlobalSection(ExtensibilityGlobals) = postSolution
		SolutionGuid = {5B94474F-C8CF-430A-A7A3-8D4D4D62757B}
	EndGlobalSection
EndGlobal
